
Microsoft Visual Studio Solution File, Format Version 12.00
# Visual Studio Version 16
VisualStudioVersion = 16.0.31702.278
MinimumVisualStudioVersion = 10.0.40219.1
Project("{FAE04EC0-301F-11D3-BF4B-00C04F79EFBC}") = "WolfMetr", "WolfMetr.csproj", "{AF9897C8-9BFF-4466-BC76-B657030FBED5}"
EndProject
Global
	GlobalSection(SolutionConfigurationPlatforms) = preSolution
		Debug|Any CPU = Debug|Any CPU
		Release|Any CPU = Release|Any CPU
	EndGlobalSection
	GlobalSection(ProjectConfigurationPlatforms) = postSolution
		{AF9897C8-9BFF-4466-BC76-B657030FBED5}.Debug|Any CPU.ActiveCfg = Debug|Any CPU
		{AF9897C8-9BFF-4466-BC76-B657030FBED5}.Debug|Any CPU.Build.0 = Debug|Any CPU
		{AF9897C8-9BFF-4466-BC76-B657030FBED5}.Release|Any CPU.ActiveCfg = Release|Any CPU
		{AF9897C8-9BFF-4466-BC76-B657030FBED5}.Release|Any CPU.Build.0 = Release|Any CPU
	EndGlobalSection
	GlobalSection(SolutionProperties) = preSolution
		HideSolutionNode = FALSE
	EndGlobalSection
	GlobalSection(ExtensibilityGlobals) = postSolution
		SolutionGuid = {7AAA45F8-FD02-44C6-8227-04D9FECD3505}
	EndGlobalSection
EndGlobal
